
Microsoft Visual Studio Solution File, Format Version 12.00
# Visual Studio 2012
Project("{FAE04EC0-301F-11D3-BF4B-00C04F79EFBC}") = "Salesiana.Cloud.Client", "Salesiana.Cloud.Client\Salesiana.Cloud.Client.csproj", "{B0C36DAF-799A-4C29-9E57-C2777422FF20}"
	ProjectSection(ProjectDependencies) = postProject
		{15B3E0D2-6217-493A-A690-158C497F5318} = {15B3E0D2-6217-493A-A690-158C497F5318}
	EndProjectSection
EndProject
Project("{FAE04EC0-301F-11D3-BF4B-00C04F79EFBC}") = "Salesiana.Cloud.Service", "Salesiana.Cloud.Service\Salesiana.Cloud.Service.csproj", "{15B3E0D2-6217-493A-A690-158C497F5318}"
EndProject
Project("{FAE04EC0-301F-11D3-BF4B-00C04F79EFBC}") = "Salesiana.Cloud.ClientUI", "Salesiana.Cloud.ClientUI\Salesiana.Cloud.ClientUI.csproj", "{43EE34B3-F39F-44D5-A2C1-0FFF26D66C7F}"
EndProject
Project("{FAE04EC0-301F-11D3-BF4B-00C04F79EFBC}") = "Salesiana.Cloud.ClientStore", "Salesiana.Cloud.ClientStore\Salesiana.Cloud.ClientStore.csproj", "{DEB5F2F9-7C30-437A-B883-01EBC048CAD7}"
EndProject
Project("{FAE04EC0-301F-11D3-BF4B-00C04F79EFBC}") = "Salesiana.Cloud.Common", "Salesiana.Cloud.Common\Salesiana.Cloud.Common.csproj", "{41216F59-11D0-42EE-9F61-77FF78FB7F1E}"
	ProjectSection(ProjectDependencies) = postProject
		{15B3E0D2-6217-493A-A690-158C497F5318} = {15B3E0D2-6217-493A-A690-158C497F5318}
	EndProjectSection
EndProject
Project("{FAE04EC0-301F-11D3-BF4B-00C04F79EFBC}") = "Salesiana.Cloud.ServiceManager", "Salesiana.Cloud.ServiceManager\Salesiana.Cloud.ServiceManager.csproj", "{657E9160-93C4-4EEF-B214-F1D27A17B863}"
	ProjectSection(ProjectDependencies) = postProject
		{15B3E0D2-6217-493A-A690-158C497F5318} = {15B3E0D2-6217-493A-A690-158C497F5318}
	EndProjectSection
EndProject
Global
	GlobalSection(SolutionConfigurationPlatforms) = preSolution
		Debug|Any CPU = Debug|Any CPU
		Debug|ARM = Debug|ARM
		Debug|x64 = Debug|x64
		Debug|x86 = Debug|x86
		Release|Any CPU = Release|Any CPU
		Release|ARM = Release|ARM
		Release|x64 = Release|x64
		Release|x86 = Release|x86
	EndGlobalSection
	GlobalSection(ProjectConfigurationPlatforms) = postSolution
		{B0C36DAF-799A-4C29-9E57-C2777422FF20}.Debug|Any CPU.ActiveCfg = Debug|Any CPU
		{B0C36DAF-799A-4C29-9E57-C2777422FF20}.Debug|Any CPU.Build.0 = Debug|Any CPU
		{B0C36DAF-799A-4C29-9E57-C2777422FF20}.Debug|ARM.ActiveCfg = Debug|Any CPU
		{B0C36DAF-799A-4C29-9E57-C2777422FF20}.Debug|x64.ActiveCfg = Debug|Any CPU
		{B0C36DAF-799A-4C29-9E57-C2777422FF20}.Debug|x86.ActiveCfg = Debug|Any CPU
		{B0C36DAF-799A-4C29-9E57-C2777422FF20}.Release|Any CPU.ActiveCfg = Release|Any CPU
		{B0C36DAF-799A-4C29-9E57-C2777422FF20}.Release|Any CPU.Build.0 = Release|Any CPU
		{B0C36DAF-799A-4C29-9E57-C2777422FF20}.Release|ARM.ActiveCfg = Release|Any CPU
		{B0C36DAF-799A-4C29-9E57-C2777422FF20}.Release|x64.ActiveCfg = Release|Any CPU
		{B0C36DAF-799A-4C29-9E57-C2777422FF20}.Release|x86.ActiveCfg = Release|Any CPU
		{15B3E0D2-6217-493A-A690-158C497F5318}.Debug|Any CPU.ActiveCfg = Debug|Any CPU
		{15B3E0D2-6217-493A-A690-158C497F5318}.Debug|Any CPU.Build.0 = Debug|Any CPU
		{15B3E0D2-6217-493A-A690-158C497F5318}.Debug|ARM.ActiveCfg = Debug|Any CPU
		{15B3E0D2-6217-493A-A690-158C497F5318}.Debug|x64.ActiveCfg = Debug|Any CPU
		{15B3E0D2-6217-493A-A690-158C497F5318}.Debug|x86.ActiveCfg = Debug|Any CPU
		{15B3E0D2-6217-493A-A690-158C497F5318}.Release|Any CPU.ActiveCfg = Release|Any CPU
		{15B3E0D2-6217-493A-A690-158C497F5318}.Release|Any CPU.Build.0 = Release|Any CPU
		{15B3E0D2-6217-493A-A690-158C497F5318}.Release|ARM.ActiveCfg = Release|Any CPU
		{15B3E0D2-6217-493A-A690-158C497F5318}.Release|x64.ActiveCfg = Release|Any CPU
		{15B3E0D2-6217-493A-A690-158C497F5318}.Release|x86.ActiveCfg = Release|Any CPU
		{43EE34B3-F39F-44D5-A2C1-0FFF26D66C7F}.Debug|Any CPU.ActiveCfg = Debug|Any CPU
		{43EE34B3-F39F-44D5-A2C1-0FFF26D66C7F}.Debug|Any CPU.Build.0 = Debug|Any CPU
		{43EE34B3-F39F-44D5-A2C1-0FFF26D66C7F}.Debug|ARM.ActiveCfg = Debug|Any CPU
		{43EE34B3-F39F-44D5-A2C1-0FFF26D66C7F}.Debug|x64.ActiveCfg = Debug|Any CPU
		{43EE34B3-F39F-44D5-A2C1-0FFF26D66C7F}.Debug|x86.ActiveCfg = Debug|Any CPU
		{43EE34B3-F39F-44D5-A2C1-0FFF26D66C7F}.Release|Any CPU.ActiveCfg = Release|Any CPU
		{43EE34B3-F39F-44D5-A2C1-0FFF26D66C7F}.Release|Any CPU.Build.0 = Release|Any CPU
		{43EE34B3-F39F-44D5-A2C1-0FFF26D66C7F}.Release|ARM.ActiveCfg = Release|Any CPU
		{43EE34B3-F39F-44D5-A2C1-0FFF26D66C7F}.Release|x64.ActiveCfg = Release|Any CPU
		{43EE34B3-F39F-44D5-A2C1-0FFF26D66C7F}.Release|x86.ActiveCfg = Release|Any CPU
		{DEB5F2F9-7C30-437A-B883-01EBC048CAD7}.Debug|Any CPU.ActiveCfg = Debug|Any CPU
		{DEB5F2F9-7C30-437A-B883-01EBC048CAD7}.Debug|Any CPU.Build.0 = Debug|Any CPU
		{DEB5F2F9-7C30-437A-B883-01EBC048CAD7}.Debug|Any CPU.Deploy.0 = Debug|Any CPU
		{DEB5F2F9-7C30-437A-B883-01EBC048CAD7}.Debug|ARM.ActiveCfg = Debug|ARM
		{DEB5F2F9-7C30-437A-B883-01EBC048CAD7}.Debug|ARM.Build.0 = Debug|ARM
		{DEB5F2F9-7C30-437A-B883-01EBC048CAD7}.Debug|ARM.Deploy.0 = Debug|ARM
		{DEB5F2F9-7C30-437A-B883-01EBC048CAD7}.Debug|x64.ActiveCfg = Debug|x64
		{DEB5F2F9-7C30-437A-B883-01EBC048CAD7}.Debug|x64.Build.0 = Debug|x64
		{DEB5F2F9-7C30-437A-B883-01EBC048CAD7}.Debug|x64.Deploy.0 = Debug|x64
		{DEB5F2F9-7C30-437A-B883-01EBC048CAD7}.Debug|x86.ActiveCfg = Debug|x86
		{DEB5F2F9-7C30-437A-B883-01EBC048CAD7}.Debug|x86.Build.0 = Debug|x86
		{DEB5F2F9-7C30-437A-B883-01EBC048CAD7}.Debug|x86.Deploy.0 = Debug|x86
		{DEB5F2F9-7C30-437A-B883-01EBC048CAD7}.Release|Any CPU.ActiveCfg = Release|Any CPU
		{DEB5F2F9-7C30-437A-B883-01EBC048CAD7}.Release|Any CPU.Build.0 = Release|Any CPU
		{DEB5F2F9-7C30-437A-B883-01EBC048CAD7}.Release|Any CPU.Deploy.0 = Release|Any CPU
		{DEB5F2F9-7C30-437A-B883-01EBC048CAD7}.Release|ARM.ActiveCfg = Release|ARM
		{DEB5F2F9-7C30-437A-B883-01EBC048CAD7}.Release|ARM.Build.0 = Release|ARM
		{DEB5F2F9-7C30-437A-B883-01EBC048CAD7}.Release|ARM.Deploy.0 = Release|ARM
		{DEB5F2F9-7C30-437A-B883-01EBC048CAD7}.Release|x64.ActiveCfg = Release|x64
		{DEB5F2F9-7C30-437A-B883-01EBC048CAD7}.Release|x64.Build.0 = Release|x64
		{DEB5F2F9-7C30-437A-B883-01EBC048CAD7}.Release|x64.Deploy.0 = Release|x64
		{DEB5F2F9-7C30-437A-B883-01EBC048CAD7}.Release|x86.ActiveCfg = Release|x86
		{DEB5F2F9-7C30-437A-B883-01EBC048CAD7}.Release|x86.Build.0 = Release|x86
		{DEB5F2F9-7C30-437A-B883-01EBC048CAD7}.Release|x86.Deploy.0 = Release|x86
		{41216F59-11D0-42EE-9F61-77FF78FB7F1E}.Debug|Any CPU.ActiveCfg = Debug|Any CPU
		{41216F59-11D0-42EE-9F61-77FF78FB7F1E}.Debug|Any CPU.Build.0 = Debug|Any CPU
		{41216F59-11D0-42EE-9F61-77FF78FB7F1E}.Debug|ARM.ActiveCfg = Debug|Any CPU
		{41216F59-11D0-42EE-9F61-77FF78FB7F1E}.Debug|x64.ActiveCfg = Debug|Any CPU
		{41216F59-11D0-42EE-9F61-77FF78FB7F1E}.Debug|x86.ActiveCfg = Debug|Any CPU
		{41216F59-11D0-42EE-9F61-77FF78FB7F1E}.Release|Any CPU.ActiveCfg = Release|Any CPU
		{41216F59-11D0-42EE-9F61-77FF78FB7F1E}.Release|Any CPU.Build.0 = Release|Any CPU
		{41216F59-11D0-42EE-9F61-77FF78FB7F1E}.Release|ARM.ActiveCfg = Release|Any CPU
		{41216F59-11D0-42EE-9F61-77FF78FB7F1E}.Release|x64.ActiveCfg = Release|Any CPU
		{41216F59-11D0-42EE-9F61-77FF78FB7F1E}.Release|x86.ActiveCfg = Release|Any CPU
		{657E9160-93C4-4EEF-B214-F1D27A17B863}.Debug|Any CPU.ActiveCfg = Debug|Any CPU
		{657E9160-93C4-4EEF-B214-F1D27A17B863}.Debug|Any CPU.Build.0 = Debug|Any CPU
		{657E9160-93C4-4EEF-B214-F1D27A17B863}.Debug|ARM.ActiveCfg = Debug|Any CPU
		{657E9160-93C4-4EEF-B214-F1D27A17B863}.Debug|x64.ActiveCfg = Debug|Any CPU
		{657E9160-93C4-4EEF-B214-F1D27A17B863}.Debug|x86.ActiveCfg = Debug|Any CPU
		{657E9160-93C4-4EEF-B214-F1D27A17B863}.Release|Any CPU.ActiveCfg = Release|Any CPU
		{657E9160-93C4-4EEF-B214-F1D27A17B863}.Release|Any CPU.Build.0 = Release|Any CPU
		{657E9160-93C4-4EEF-B214-F1D27A17B863}.Release|ARM.ActiveCfg = Release|Any CPU
		{657E9160-93C4-4EEF-B214-F1D27A17B863}.Release|x64.ActiveCfg = Release|Any CPU
		{657E9160-93C4-4EEF-B214-F1D27A17B863}.Release|x86.ActiveCfg = Release|Any CPU
	EndGlobalSection
	GlobalSection(SolutionProperties) = preSolution
		HideSolutionNode = FALSE
	EndGlobalSection
EndGlobal
